
Microsoft Visual Studio Solution File, Format Version 12.00
# Visual Studio Version 16
VisualStudioVersion = 16.0.29728.190
MinimumVisualStudioVersion = 10.0.40219.1
Project("{9A19103F-16F7-4668-BE54-9A1E7A4F7556}") = "NextLevel.Extensions", "NextLevel.Extensions\NextLevel.Extensions.csproj", "{AFA394F5-C760-4BED-8CF6-53EE7BFFBD98}"
EndProject
Project("{9A19103F-16F7-4668-BE54-9A1E7A4F7556}") = "NextLevel.Extensions.Tests", "NextLevel.Exntensions.Tests\NextLevel.Extensions.Tests.csproj", "{3AA60D97-5D72-46D3-A518-73C78C92C68E}"
EndProject
Project("{2150E333-8FDC-42A3-9474-1A3956D46DE8}") = "Solution Items", "Solution Items", "{D4209430-0639-4544-890E-0F85B8FFD104}"
	ProjectSection(SolutionItems) = preProject
		Reame.md = Reame.md
	EndProjectSection
EndProject
Global
	GlobalSection(SolutionConfigurationPlatforms) = preSolution
		Debug|Any CPU = Debug|Any CPU
		Release|Any CPU = Release|Any CPU
	EndGlobalSection
	GlobalSection(ProjectConfigurationPlatforms) = postSolution
		{AFA394F5-C760-4BED-8CF6-53EE7BFFBD98}.Debug|Any CPU.ActiveCfg = Debug|Any CPU
		{AFA394F5-C760-4BED-8CF6-53EE7BFFBD98}.Debug|Any CPU.Build.0 = Debug|Any CPU
		{AFA394F5-C760-4BED-8CF6-53EE7BFFBD98}.Release|Any CPU.ActiveCfg = Release|Any CPU
		{AFA394F5-C760-4BED-8CF6-53EE7BFFBD98}.Release|Any CPU.Build.0 = Release|Any CPU
		{3AA60D97-5D72-46D3-A518-73C78C92C68E}.Debug|Any CPU.ActiveCfg = Debug|Any CPU
		{3AA60D97-5D72-46D3-A518-73C78C92C68E}.Debug|Any CPU.Build.0 = Debug|Any CPU
		{3AA60D97-5D72-46D3-A518-73C78C92C68E}.Release|Any CPU.ActiveCfg = Release|Any CPU
		{3AA60D97-5D72-46D3-A518-73C78C92C68E}.Release|Any CPU.Build.0 = Release|Any CPU
	EndGlobalSection
	GlobalSection(SolutionProperties) = preSolution
		HideSolutionNode = FALSE
	EndGlobalSection
	GlobalSection(ExtensibilityGlobals) = postSolution
		SolutionGuid = {056CCFFA-7D2C-404E-89E5-D520C3086E10}
	EndGlobalSection
EndGlobal
